
Microsoft Visual Studio Solution File, Format Version 12.00
# Visual Studio Version 17
VisualStudioVersion = 17.6.33815.320
MinimumVisualStudioVersion = 10.0.40219.1
Project("{FAE04EC0-301F-11D3-BF4B-00C04F79EFBC}") = "POPITKAPOPASTNASTAJIROVKU", "POPITKAPOPASTNASTAJIROVKU.csproj", "{C1500751-FC1D-424C-836A-20EB5094BF3D}"
EndProject
Global
	GlobalSection(SolutionConfigurationPlatforms) = preSolution
		Debug|Any CPU = Debug|Any CPU
		Release|Any CPU = Release|Any CPU
	EndGlobalSection
	GlobalSection(ProjectConfigurationPlatforms) = postSolution
		{C1500751-FC1D-424C-836A-20EB5094BF3D}.Debug|Any CPU.ActiveCfg = Debug|Any CPU
		{C1500751-FC1D-424C-836A-20EB5094BF3D}.Debug|Any CPU.Build.0 = Debug|Any CPU
		{C1500751-FC1D-424C-836A-20EB5094BF3D}.Release|Any CPU.ActiveCfg = Release|Any CPU
		{C1500751-FC1D-424C-836A-20EB5094BF3D}.Release|Any CPU.Build.0 = Release|Any CPU
	EndGlobalSection
	GlobalSection(SolutionProperties) = preSolution
		HideSolutionNode = FALSE
	EndGlobalSection
	GlobalSection(ExtensibilityGlobals) = postSolution
		SolutionGuid = {88C8FB05-2901-49A0-B18B-24DD07322B7A}
	EndGlobalSection
EndGlobal
